PODS:
  - FBSnapshotTestCase (2.1.4):
    - FBSnapshotTestCase/SwiftSupport (= 2.1.4)
  - FBSnapshotTestCase/Core (2.1.4)
  - FBSnapshotTestCase/SwiftSupport (2.1.4):
    - FBSnapshotTestCase/Core
  - LDURLRouter (1.0.0)

DEPENDENCIES:
  - FBSnapshotTestCase (~> 2.1.4)
  - LDURLRouter (from `../`)

SPEC REPOS:
  trunk:
    - FBSnapshotTestCase

EXTERNAL SOURCES:
  LDURLRouter:
    :path: "../"

SPEC CHECKSUMS:
  FBSnapshotTestCase: 094f9f314decbabe373b87cc339bea235a63e07a
  LDURLRouter: a84df5224cda35f547b03bed508a398d64821854

PODFILE CHECKSUM: d088d7894d4e093f323b18370ba2041ae65497a3

COCOAPODS: 1.12.1
